
Microsoft Visual Studio Solution File, Format Version 12.00
# Visual Studio Version 17
VisualStudioVersion = 17.5.002.0
MinimumVisualStudioVersion = 10.0.40219.1
Project("{9A19103F-16F7-4668-BE54-9A1E7A4F7556}") = "BlogAPI", "BlogAPI\BlogAPI.csproj", "{523C9D94-855B-4036-A473-10EF9D6A1F64}"
EndProject
Global
	GlobalSection(SolutionConfigurationPlatforms) = preSolution
		Debug|Any CPU = Debug|Any CPU
		Release|Any CPU = Release|Any CPU
	EndGlobalSection
	GlobalSection(ProjectConfigurationPlatforms) = postSolution
		{523C9D94-855B-4036-A473-10EF9D6A1F64}.Debug|Any CPU.ActiveCfg = Debug|Any CPU
		{523C9D94-855B-4036-A473-10EF9D6A1F64}.Debug|Any CPU.Build.0 = Debug|Any CPU
		{523C9D94-855B-4036-A473-10EF9D6A1F64}.Release|Any CPU.ActiveCfg = Release|Any CPU
		{523C9D94-855B-4036-A473-10EF9D6A1F64}.Release|Any CPU.Build.0 = Release|Any CPU
	EndGlobalSection
	GlobalSection(SolutionProperties) = preSolution
		HideSolutionNode = FALSE
	EndGlobalSection
	GlobalSection(ExtensibilityGlobals) = postSolution
		SolutionGuid = {4AE2C97B-A76B-48EB-957F-A24677B0F8AB}
	EndGlobalSection
EndGlobal
